# THIS IS AN AUTOGENERATED FILE. DO NOT EDIT THIS FILE DIRECTLY.
# yarn lockfile v1


"@types/json-pointer@^1.0.30":
  version "1.0.30"
  resolved "https://registry.yarnpkg.com/@types/json-pointer/-/json-pointer-1.0.30.tgz#b973c1f79b1f61d424b7d92b954e01e6c68ee66d"
  integrity sha1-uXPB95sfYdQkt9krlU4B5saO5m0=
